
Microsoft Visual Studio Solution File, Format Version 12.00
# Visual Studio Version 17
VisualStudioVersion = 17.5.33424.131
MinimumVisualStudioVersion = 10.0.40219.1
Project("{FAE04EC0-301F-11D3-BF4B-00C04F79EFBC}") = "Webapp", "Webapp\Webapp.csproj", "{26BB3F2F-7602-40B7-95FE-033D0797B058}"
EndProject
Global
	GlobalSection(SolutionConfigurationPlatforms) = preSolution
		Debug|Any CPU = Debug|Any CPU
		Release|Any CPU = Release|Any CPU
	EndGlobalSection
	GlobalSection(ProjectConfigurationPlatforms) = postSolution
		{26BB3F2F-7602-40B7-95FE-033D0797B058}.Debug|Any CPU.ActiveCfg = Debug|Any CPU
		{26BB3F2F-7602-40B7-95FE-033D0797B058}.Debug|Any CPU.Build.0 = Debug|Any CPU
		{26BB3F2F-7602-40B7-95FE-033D0797B058}.Release|Any CPU.ActiveCfg = Release|Any CPU
		{26BB3F2F-7602-40B7-95FE-033D0797B058}.Release|Any CPU.Build.0 = Release|Any CPU
	EndGlobalSection
	GlobalSection(SolutionProperties) = preSolution
		HideSolutionNode = FALSE
	EndGlobalSection
	GlobalSection(ExtensibilityGlobals) = postSolution
		SolutionGuid = {B6B16D5B-2BF9-45D8-A51F-532902A303A6}
	EndGlobalSection
EndGlobal
